{
    "_meta": {
        "hash": {
            "sha256": "6124bcbdb8a4da811e490bfc96c2b1853c215eba39e8344c6ccd7b70c5b73a30"
        },
        "pipfile-spec": 6,
        "requires": {},
        "sources": [
            {
                "name": "pypi",
                "url": "https://pypi.python.org/simple",
                "verify_ssl": true
            }
        ]
    },
    "default": {
        "aioredis": {
            "hashes": [
                "sha256:84d62be729beb87118cf126c20b0e3f52d7a42bb7373dc5bcdd874f26f1f251a",
                "sha256:aee16aa5cb3f636cf8fa0e2b62d2f6abc90366e19b5c30e94a5471d834a55975"
            ],
            "version": "==1.2.0"
        },
        "asgiref": {
            "hashes": [
                "sha256:9b05dcd41a6a89ca8c6e7f7e4089c3f3e76b5af60aebb81ae6d455ad81989c97",
                "sha256:b21dc4c43d7aba5a844f4c48b8f49d56277bc34937fd9f9cb93ec97fde7e3082"
            ],
            "version": "==2.3.2"
        },
        "async-timeout": {
            "hashes": [
                "sha256:0c3c816a028d47f659d6ff5c745cb2acf1f966da1fe5c19c77a70282b25f4c5f",
                "sha256:4291ca197d287d274d0b6cb5d6f8f8f82d434ed288f962539ff18cc9012f9ea3"
            ],
            "version": "==3.0.1"
        },
        "attrs": {
            "hashes": [
                "sha256:10cbf6e27dbce8c30807caf056c8eb50917e0eaafe86347671b57254006c3e69",
                "sha256:ca4be454458f9dec299268d472aaa5a11f67a4ff70093396e1ceae9c76cf4bbb"
            ],
            "version": "==18.2.0"
        },
        "autobahn": {
            "hashes": [
                "sha256:7e47532e9af424fdc2c83b0fcadec9b13d53f10f3acf0efb772495138fbdf887",
                "sha256:bec9e04c97536a6c0044965db4a478672a01c4adee0aa84d9c4a0945b2adc879"
            ],
            "version": "==18.12.1"
        },
        "automat": {
            "hashes": [
                "sha256:cbd78b83fa2d81fe2a4d23d258e1661dd7493c9a50ee2f1a5b2cac61c1793b0e",
                "sha256:fdccab66b68498af9ecfa1fa43693abe546014dd25cf28543cbe9d1334916a58"
            ],
            "version": "==0.7.0"
        },
        "channels": {
            "hashes": [
                "sha256:4d3ab89b746d43fd10865c5da0dca8660504efe8b89d5795183ea958efe41597",
                "sha256:5e0d7bc623c497d16d43e9bbb81a5ceaae4e2a06ead50dc1a47d64743d5f9772"
            ],
            "index": "pypi",
            "version": "==2.1.6"
        },
        "channels-redis": {
            "hashes": [
                "sha256:b709200bb7ac472a0502cf4d59da7466b068b9fbd077447964bea18ef8036205",
                "sha256:c73c13dee428448fa2e0f04216d87651d35aa2e806e5c7e89632c3685756323f"
            ],
            "index": "pypi",
            "version": "==2.3.2"
        },
        "constantly": {
            "hashes": [
                "sha256:586372eb92059873e29eba4f9dec8381541b4d3834660707faf8ba59146dfc35",
                "sha256:dd2fa9d6b1a51a83f0d7dd76293d734046aa176e384bf6e33b7e44880eb37c5d"
            ],
            "version": "==15.1.0"
        },
        "daphne": {
            "hashes": [
                "sha256:0aafeb5199d564db675d5640bece6072cbd4af8c4f818938f08dac70b31c5841",
                "sha256:d22567197361782736e2031e8ba0bf5aaefbe202f66153fe9c1ac5578c292a97"
            ],
            "version": "==2.2.4"
        },
        "django": {
            "hashes": [
                "sha256:a32c22af23634e1d11425574dce756098e015a165be02e4690179889b207c7a8",
                "sha256:d6393918da830530a9516bbbcbf7f1214c3d733738779f06b0f649f49cc698c3"
            ],
            "index": "pypi",
            "version": "==2.1.5"
        },
        "hiredis": {
            "hashes": [
                "sha256:098d0c767115fb2ffee4f142d76ad86785829ef22b07a0ce2d289eef78186705",
                "sha256:09f2d7bc980b2d1f402b39d4cc7841988493cf06580fd4b3120cbcf8a73402e5",
                "sha256:1875ca8a843efd3220e1a39c0e754847030b7fd8ff4102c23d7ab7c791ccf0c2",
                "sha256:2014924fb557541ee239e5035ddf8c4c03b166a0d6f45b265b1cad867091a617",
                "sha256:22d814b567774c04459d7ff36979bacc4ada490d316579b3c357cfd949677c30",
                "sha256:28c9da46e2f51d9a3b59dbf42e41278c979413bc0067a119fd51cf28a2f36379",
                "sha256:4c0f4f3c94f4c9071e3f58546d05757a9e2e49e64769395963238548807ecd22",
                "sha256:5ae5dd2d78ec1ea593207fa1c9bdc46da8b1713f038695f83457bc8307243ce2",
                "sha256:602f667281cedf0e21c8648aaf72e70d6a0ccf7ee274b4bc9ea6aa889f27b66c",
                "sha256:66344a5bdf19b39ba3c00101663806ef92fd75b1451a2f3f33ca73352fabaa01",
                "sha256:691e5c4efca2cf974ed24414af4d32c91bbf7650353504da918e0c29ad171d8b",
                "sha256:69a9d6c742ffd586093def8ac3dd1907907c8396b36af8b0490e9e52f0015e99",
                "sha256:726e546d6b2133787b6c690176ed54d969f5c90f5bda650c5cbaa44bf18e4507",
                "sha256:73227ed9d34648eae694cf3b4683840ea0e7dace682dcf3f1f732b42f9f0631c",
                "sha256:736a30992ede64b79989869e1a068fec93405dac71d87a316f22ee72e75cb6a5",
                "sha256:79742f23dbb6a8dcf8b857ced49e81f872a792f587a98f0a4fe620a175eb8b70",
                "sha256:7bf565198d612ad6b19a83b2d65a8e88d2b82608b0c4513c89ecfc25bd1dcce0",
                "sha256:ae104a4a622320e0174fb82874d383b6b5fef0e3a38375695e01300107cc3e67",
                "sha256:bdd78231aac38eadd00112c6eb8f6862ce9264a397602cd7eb6fe47e1c7273ba",
                "sha256:c6a7ab327dd01d77096f60bfaff1d0d5386960190fbd8a846ec8daafd529e0e3",
                "sha256:cac4abfbd42d3bb7a363c51752f909645559617e3cbd2c9fd175159cd8bbc102",
                "sha256:cf216d6fbacef0a20d23755d2d453dc6672ba5fd2b0cf76c548f4f620fce2cfe",
                "sha256:d8222d09da762891d4ef39374b1f2318da0ba02faf609d254438672892155eee",
                "sha256:dac079ff66c2d1c56f62f0a9b0a7a01784ad7b9eb136b9a931f7ab57463e70de",
                "sha256:e68638e460e95a68dbcef6f78be8210f4405eac020f10ee52cafee54084d3699",
                "sha256:fb8b80d2fb45857fd19d04387e4207412124e470c3b5d4d3568a6d9b74a72e99",
                "sha256:fc3eb53b51acf467ae7d60e92af23dee33b20871d84ce33e6e61b9e00077ff48",
                "sha256:ffe6d9bc7f3637d962eb4706a2908ba4064ec997beb99540bb385a0f7d7fe39a"
            ],
            "version": "==0.3.1"
        },
        "hyperlink": {
            "hashes": [
                "sha256:98da4218a56b448c7ec7d2655cb339af1f7d751cf541469bb4fc28c4a4245b34",
                "sha256:f01b4ff744f14bc5d0a22a6b9f1525ab7d6312cb0ff967f59414bbac52f0a306"
            ],
            "version": "==18.0.0"
        },
        "idna": {
            "hashes": [
                "sha256:c357b3f628cf53ae2c4c05627ecc484553142ca23264e593d327bcde5e9c3407",
                "sha256:ea8b7f6188e6fa117537c3df7da9fc686d485087abf6ac197f9c46432f7e4a3c"
            ],
            "version": "==2.8"
        },
        "incremental": {
            "hashes": [
                "sha256:717e12246dddf231a349175f48d74d93e2897244939173b01974ab6661406b9f",
                "sha256:7b751696aaf36eebfab537e458929e194460051ccad279c72b755a167eebd4b3"
            ],
            "version": "==17.5.0"
        },
        "msgpack": {
            "hashes": [
                "sha256:0b3b1773d2693c70598585a34ca2715873ba899565f0a7c9a1545baef7e7fbdc",
                "sha256:0bae5d1538c5c6a75642f75a1781f3ac2275d744a92af1a453c150da3446138b",
                "sha256:0ee8c8c85aa651be3aa0cd005b5931769eaa658c948ce79428766f1bd46ae2c3",
                "sha256:1369f9edba9500c7a6489b70fdfac773e925342f4531f1e3d4c20ac3173b1ae0",
                "sha256:22d9c929d1d539f37da3d1b0e16270fa9d46107beab8c0d4d2bddffffe895cee",
                "sha256:2ff43e3247a1e11d544017bb26f580a68306cec7a6257d8818893c1fda665f42",
                "sha256:31a98047355d34d047fcdb55b09cb19f633cf214c705a765bd745456c142130c",
                "sha256:8767eb0032732c3a0da92cbec5ac186ef89a3258c6edca09161472ca0206c45f",
                "sha256:8acc8910218555044e23826980b950e96685dc48124a290c86f6f41a296ea172",
                "sha256:ab189a6365be1860a5ecf8159c248f12d33f79ea799ae9695fa6a29896dcf1d4",
                "sha256:cfd6535feb0f1cf1c7cdb25773e965cc9f92928244a8c3ef6f8f8a8e1f7ae5c4",
                "sha256:e274cd4480d8c76ec467a85a9c6635bbf2258f0649040560382ab58cabb44bcf",
                "sha256:f86642d60dca13e93260187d56c2bef2487aa4d574a669e8ceefcf9f4c26fd00",
                "sha256:f8a57cbda46a94ed0db55b73e6ab0c15e78b4ede8690fa491a0e55128d552bb0",
                "sha256:fcea97a352416afcbccd7af9625159d80704a25c519c251c734527329bb20d0e"
            ],
            "version": "==0.5.6"
        },
        "pyhamcrest": {
            "hashes": [
                "sha256:6b672c02fdf7470df9674ab82263841ce8333fb143f32f021f6cb26f0e512420",
                "sha256:8ffaa0a53da57e89de14ced7185ac746227a8894dbd5a3c718bf05ddbd1d56cd"
            ],
            "version": "==1.9.0"
        },
        "pytz": {
            "hashes": [
                "sha256:32b0891edff07e28efe91284ed9c31e123d84bea3fd98e1f72be2508f43ef8d9",
                "sha256:d5f05e487007e29e03409f9398d074e158d920d36eb82eaf66fb1136b0c5374c"
            ],
            "version": "==2018.9"
        },
        "six": {
            "hashes": [
                "sha256:3350809f0555b11f552448330d0b52d5f24c91a322ea4a15ef22629740f3761c",
                "sha256:d16a0141ec1a18405cd4ce8b4613101da75da0e9a7aec5bdd4fa804d0e0eba73"
            ],
            "version": "==1.12.0"
        },
        "twisted": {
            "hashes": [
                "sha256:294be2c6bf84ae776df2fc98e7af7d6537e1c5e60a46d33c3ce2a197677da395"
            ],
            "version": "==18.9.0"
        },
        "txaio": {
            "hashes": [
                "sha256:67e360ac73b12c52058219bb5f8b3ed4105d2636707a36a7cdafb56fe06db7fe",
                "sha256:b6b235d432cc58ffe111b43e337db71a5caa5d3eaa88f0eacf60b431c7626ef5"
            ],
            "version": "==18.8.1"
        },
        "zope.interface": {
            "hashes": [
                "sha256:086707e0f413ff8800d9c4bc26e174f7ee4c9c8b0302fbad68d083071822316c",
                "sha256:1157b1ec2a1f5bf45668421e3955c60c610e31913cc695b407a574efdbae1f7b",
                "sha256:11ebddf765bff3bbe8dbce10c86884d87f90ed66ee410a7e6c392086e2c63d02",
                "sha256:14b242d53f6f35c2d07aa2c0e13ccb710392bcd203e1b82a1828d216f6f6b11f",
                "sha256:1b3d0dcabc7c90b470e59e38a9acaa361be43b3a6ea644c0063951964717f0e5",
                "sha256:20a12ab46a7e72b89ce0671e7d7a6c3c1ca2c2766ac98112f78c5bddaa6e4375",
                "sha256:298f82c0ab1b182bd1f34f347ea97dde0fffb9ecf850ecf7f8904b8442a07487",
                "sha256:2f6175722da6f23dbfc76c26c241b67b020e1e83ec7fe93c9e5d3dd18667ada2",
                "sha256:3b877de633a0f6d81b600624ff9137312d8b1d0f517064dfc39999352ab659f0",
                "sha256:4265681e77f5ac5bac0905812b828c9fe1ce80c6f3e3f8574acfb5643aeabc5b",
                "sha256:550695c4e7313555549aa1cdb978dc9413d61307531f123558e438871a883d63",
                "sha256:5f4d42baed3a14c290a078e2696c5f565501abde1b2f3f1a1c0a94fbf6fbcc39",
                "sha256:62dd71dbed8cc6a18379700701d959307823b3b2451bdc018594c48956ace745",
                "sha256:7040547e5b882349c0a2cc9b50674b1745db551f330746af434aad4f09fba2cc",
                "sha256:7e099fde2cce8b29434684f82977db4e24f0efa8b0508179fce1602d103296a2",
                "sha256:7e5c9a5012b2b33e87980cee7d1c82412b2ebabcb5862d53413ba1a2cfde23aa",
                "sha256:81295629128f929e73be4ccfdd943a0906e5fe3cdb0d43ff1e5144d16fbb52b1",
                "sha256:95cc574b0b83b85be9917d37cd2fad0ce5a0d21b024e1a5804d044aabea636fc",
                "sha256:968d5c5702da15c5bf8e4a6e4b67a4d92164e334e9c0b6acf080106678230b98",
                "sha256:9e998ba87df77a85c7bed53240a7257afe51a07ee6bc3445a0bf841886da0b97",
                "sha256:a0c39e2535a7e9c195af956610dba5a1073071d2d85e9d2e5d789463f63e52ab",
                "sha256:a15e75d284178afe529a536b0e8b28b7e107ef39626a7809b4ee64ff3abc9127",
                "sha256:a6a6ff82f5f9b9702478035d8f6fb6903885653bff7ec3a1e011edc9b1a7168d",
                "sha256:b639f72b95389620c1f881d94739c614d385406ab1d6926a9ffe1c8abbea23fe",
                "sha256:bad44274b151d46619a7567010f7cde23a908c6faa84b97598fd2f474a0c6891",
                "sha256:bbcef00d09a30948756c5968863316c949d9cedbc7aabac5e8f0ffbdb632e5f1",
                "sha256:d788a3999014ddf416f2dc454efa4a5dbeda657c6aba031cf363741273804c6b",
                "sha256:eed88ae03e1ef3a75a0e96a55a99d7937ed03e53d0cffc2451c208db445a2966",
                "sha256:f99451f3a579e73b5dd58b1b08d1179791d49084371d9a47baad3b22417f0317"
            ],
            "version": "==4.6.0"
        }
    },
    "develop": {}
}
